
Microsoft Visual Studio Solution File, Format Version 12.00
# Visual Studio Version 16
VisualStudioVersion = 16.0.30503.244
MinimumVisualStudioVersion = 10.0.40219.1
Project("{9A19103F-16F7-4668-BE54-9A1E7A4F7556}") = "BarbezDotEu.License.Generation", "BarbezDotEu.License.Generation\BarbezDotEu.License.Generation.csproj", "{DB80CC76-082D-4B9C-8359-C468C09D7EAE}"
EndProject
Project("{9A19103F-16F7-4668-BE54-9A1E7A4F7556}") = "BarbezDotEu.License.Verification", "BarbezDotEu.License.Verification\BarbezDotEu.License.Verification.csproj", "{956C7783-E95C-4CCA-A801-28705B88D67E}"
EndProject
Project("{2150E333-8FDC-42A3-9474-1A3956D46DE8}") = "Solution Items", "Solution Items", "{4D91BB7F-C8FF-4274-83D5-01A9284EA5FF}"
	ProjectSection(SolutionItems) = preProject
		.editorconfig = .editorconfig
	EndProjectSection
EndProject
Project("{FAE04EC0-301F-11D3-BF4B-00C04F79EFBC}") = "BarbezDotEu.License.Testing.Unit", "BarbezDotEu.License.Testing.Unit\BarbezDotEu.License.Testing.Unit.csproj", "{A41F6012-CD56-442E-BB8A-EB553E6A51A3}"
EndProject
Project("{FAE04EC0-301F-11D3-BF4B-00C04F79EFBC}") = "BarbezDotEu.License.Shared", "BarbezDotEu.License.Shared\BarbezDotEu.License.Shared.csproj", "{5C773D91-4225-41F1-9A05-1E901FD1A741}"
EndProject
Global
	GlobalSection(SolutionConfigurationPlatforms) = preSolution
		Debug|Any CPU = Debug|Any CPU
		Release|Any CPU = Release|Any CPU
	EndGlobalSection
	GlobalSection(ProjectConfigurationPlatforms) = postSolution
		{DB80CC76-082D-4B9C-8359-C468C09D7EAE}.Debug|Any CPU.ActiveCfg = Debug|Any CPU
		{DB80CC76-082D-4B9C-8359-C468C09D7EAE}.Debug|Any CPU.Build.0 = Debug|Any CPU
		{DB80CC76-082D-4B9C-8359-C468C09D7EAE}.Release|Any CPU.ActiveCfg = Release|Any CPU
		{DB80CC76-082D-4B9C-8359-C468C09D7EAE}.Release|Any CPU.Build.0 = Release|Any CPU
		{956C7783-E95C-4CCA-A801-28705B88D67E}.Debug|Any CPU.ActiveCfg = Debug|Any CPU
		{956C7783-E95C-4CCA-A801-28705B88D67E}.Debug|Any CPU.Build.0 = Debug|Any CPU
		{956C7783-E95C-4CCA-A801-28705B88D67E}.Release|Any CPU.ActiveCfg = Release|Any CPU
		{956C7783-E95C-4CCA-A801-28705B88D67E}.Release|Any CPU.Build.0 = Release|Any CPU
		{A41F6012-CD56-442E-BB8A-EB553E6A51A3}.Debug|Any CPU.ActiveCfg = Debug|Any CPU
		{A41F6012-CD56-442E-BB8A-EB553E6A51A3}.Debug|Any CPU.Build.0 = Debug|Any CPU
		{A41F6012-CD56-442E-BB8A-EB553E6A51A3}.Release|Any CPU.ActiveCfg = Release|Any CPU
		{A41F6012-CD56-442E-BB8A-EB553E6A51A3}.Release|Any CPU.Build.0 = Release|Any CPU
		{5C773D91-4225-41F1-9A05-1E901FD1A741}.Debug|Any CPU.ActiveCfg = Debug|Any CPU
		{5C773D91-4225-41F1-9A05-1E901FD1A741}.Debug|Any CPU.Build.0 = Debug|Any CPU
		{5C773D91-4225-41F1-9A05-1E901FD1A741}.Release|Any CPU.ActiveCfg = Release|Any CPU
		{5C773D91-4225-41F1-9A05-1E901FD1A741}.Release|Any CPU.Build.0 = Release|Any CPU
	EndGlobalSection
	GlobalSection(SolutionProperties) = preSolution
		HideSolutionNode = FALSE
	EndGlobalSection
	GlobalSection(ExtensibilityGlobals) = postSolution
		SolutionGuid = {E2471BBC-B3AD-4AD1-B397-8AA00F308B75}
	EndGlobalSection
EndGlobal
